
Microsoft Visual Studio Solution File, Format Version 12.00
# Visual Studio Version 16
VisualStudioVersion = 16.0.29728.190
MinimumVisualStudioVersion = 10.0.40219.1
Project("{9A19103F-16F7-4668-BE54-9A1E7A4F7556}") = "GameOfFifteen", "GameOfFifteen\GameOfFifteen.csproj", "{029D647F-804F-4310-9D82-434691B2294C}"
EndProject
Project("{9A19103F-16F7-4668-BE54-9A1E7A4F7556}") = "GameOfFifteen.Game.Entities", "GameOfFifteen.Game.Entities\GameOfFifteen.Game.Entities.csproj", "{9E8DF1F5-BA10-4690-81F2-E7E2D1FAF710}"
EndProject
Project("{9A19103F-16F7-4668-BE54-9A1E7A4F7556}") = "GameOfFifteen.Game.Impl", "GameOfFifteen.Game.Impl\GameOfFifteen.Game.Impl.csproj", "{C01A7ED0-5DA9-42E0-B548-C35AB17BE4BA}"
EndProject
Project("{9A19103F-16F7-4668-BE54-9A1E7A4F7556}") = "GameOfFifteen.Game.Abstract", "GameOfFifteen.Game.Abstract\GameOfFifteen.Game.Abstract.csproj", "{798328BA-1081-4C06-BFBB-A6259592A330}"
EndProject
Project("{9A19103F-16F7-4668-BE54-9A1E7A4F7556}") = "GameOfFifteen.ControlCenter.Impl", "GameOfFifteen.ControlCenter.Impl\GameOfFifteen.ControlCenter.Impl.csproj", "{729B8E46-701F-493B-8D43-9F09F3524323}"
EndProject
Project("{9A19103F-16F7-4668-BE54-9A1E7A4F7556}") = "GameOfFifteen.ControlCenter.Abstract", "GameOfFifteen.ControlCenter.Abstract\GameOfFifteen.ControlCenter.Abstract.csproj", "{7C3506DA-D708-4B15-8910-EEEEC2CE7B7A}"
EndProject
Project("{9A19103F-16F7-4668-BE54-9A1E7A4F7556}") = "GameOfFifteen.CommandCenter.Abstract", "GameOfFifteen.CommandCenter.Abstract\GameOfFifteen.CommandCenter.Abstract.csproj", "{C40A147B-027B-49FE-9AE6-0602C8A93355}"
EndProject
Project("{9A19103F-16F7-4668-BE54-9A1E7A4F7556}") = "GameOfFifteen.CommandCenter.Impl", "GameOfFifteen.CommandCenter.Impl\GameOfFifteen.CommandCenter.Impl.csproj", "{2622FA2C-B8FA-457B-B668-2A5A67A80880}"
EndProject
Project("{9A19103F-16F7-4668-BE54-9A1E7A4F7556}") = "GameOfFifteen.CommandCenter.Exceptions", "GameOfFifteen.ControlCenter.Exceptions\GameOfFifteen.CommandCenter.Exceptions.csproj", "{7ED31BCA-321F-4AF6-AACB-C8EE3597A979}"
EndProject
Project("{9A19103F-16F7-4668-BE54-9A1E7A4F7556}") = "GameOfFifteen.CommandCenter.Tests", "CommandCenter.Tests\GameOfFifteen.CommandCenter.Tests.csproj", "{67C52034-CB3F-4D72-ABD4-CD6FBD35C1BF}"
EndProject
Project("{9A19103F-16F7-4668-BE54-9A1E7A4F7556}") = "GameOfFifteen.Game.Tests", "GameOfFifteen.Game.Tests\GameOfFifteen.Game.Tests.csproj", "{ACF46C9F-B49D-4CD9-A841-A304682EC492}"
EndProject
Project("{FAE04EC0-301F-11D3-BF4B-00C04F79EFBC}") = "GameOfFifteen.UserInterface", "GameOfFifteen.UserInterface\GameOfFifteen.UserInterface.csproj", "{88075899-41CF-4E2F-B124-C21BF03A749A}"
EndProject
Global
	GlobalSection(SolutionConfigurationPlatforms) = preSolution
		Debug|Any CPU = Debug|Any CPU
		Release|Any CPU = Release|Any CPU
	EndGlobalSection
	GlobalSection(ProjectConfigurationPlatforms) = postSolution
		{029D647F-804F-4310-9D82-434691B2294C}.Debug|Any CPU.ActiveCfg = Debug|Any CPU
		{029D647F-804F-4310-9D82-434691B2294C}.Debug|Any CPU.Build.0 = Debug|Any CPU
		{029D647F-804F-4310-9D82-434691B2294C}.Release|Any CPU.ActiveCfg = Release|Any CPU
		{029D647F-804F-4310-9D82-434691B2294C}.Release|Any CPU.Build.0 = Release|Any CPU
		{9E8DF1F5-BA10-4690-81F2-E7E2D1FAF710}.Debug|Any CPU.ActiveCfg = Debug|Any CPU
		{9E8DF1F5-BA10-4690-81F2-E7E2D1FAF710}.Debug|Any CPU.Build.0 = Debug|Any CPU
		{9E8DF1F5-BA10-4690-81F2-E7E2D1FAF710}.Release|Any CPU.ActiveCfg = Release|Any CPU
		{9E8DF1F5-BA10-4690-81F2-E7E2D1FAF710}.Release|Any CPU.Build.0 = Release|Any CPU
		{C01A7ED0-5DA9-42E0-B548-C35AB17BE4BA}.Debug|Any CPU.ActiveCfg = Debug|Any CPU
		{C01A7ED0-5DA9-42E0-B548-C35AB17BE4BA}.Debug|Any CPU.Build.0 = Debug|Any CPU
		{C01A7ED0-5DA9-42E0-B548-C35AB17BE4BA}.Release|Any CPU.ActiveCfg = Release|Any CPU
		{C01A7ED0-5DA9-42E0-B548-C35AB17BE4BA}.Release|Any CPU.Build.0 = Release|Any CPU
		{798328BA-1081-4C06-BFBB-A6259592A330}.Debug|Any CPU.ActiveCfg = Debug|Any CPU
		{798328BA-1081-4C06-BFBB-A6259592A330}.Debug|Any CPU.Build.0 = Debug|Any CPU
		{798328BA-1081-4C06-BFBB-A6259592A330}.Release|Any CPU.ActiveCfg = Release|Any CPU
		{798328BA-1081-4C06-BFBB-A6259592A330}.Release|Any CPU.Build.0 = Release|Any CPU
		{729B8E46-701F-493B-8D43-9F09F3524323}.Debug|Any CPU.ActiveCfg = Debug|Any CPU
		{729B8E46-701F-493B-8D43-9F09F3524323}.Debug|Any CPU.Build.0 = Debug|Any CPU
		{729B8E46-701F-493B-8D43-9F09F3524323}.Release|Any CPU.ActiveCfg = Release|Any CPU
		{729B8E46-701F-493B-8D43-9F09F3524323}.Release|Any CPU.Build.0 = Release|Any CPU
		{7C3506DA-D708-4B15-8910-EEEEC2CE7B7A}.Debug|Any CPU.ActiveCfg = Debug|Any CPU
		{7C3506DA-D708-4B15-8910-EEEEC2CE7B7A}.Debug|Any CPU.Build.0 = Debug|Any CPU
		{7C3506DA-D708-4B15-8910-EEEEC2CE7B7A}.Release|Any CPU.ActiveCfg = Release|Any CPU
		{7C3506DA-D708-4B15-8910-EEEEC2CE7B7A}.Release|Any CPU.Build.0 = Release|Any CPU
		{C40A147B-027B-49FE-9AE6-0602C8A93355}.Debug|Any CPU.ActiveCfg = Debug|Any CPU
		{C40A147B-027B-49FE-9AE6-0602C8A93355}.Debug|Any CPU.Build.0 = Debug|Any CPU
		{C40A147B-027B-49FE-9AE6-0602C8A93355}.Release|Any CPU.ActiveCfg = Release|Any CPU
		{C40A147B-027B-49FE-9AE6-0602C8A93355}.Release|Any CPU.Build.0 = Release|Any CPU
		{2622FA2C-B8FA-457B-B668-2A5A67A80880}.Debug|Any CPU.ActiveCfg = Debug|Any CPU
		{2622FA2C-B8FA-457B-B668-2A5A67A80880}.Debug|Any CPU.Build.0 = Debug|Any CPU
		{2622FA2C-B8FA-457B-B668-2A5A67A80880}.Release|Any CPU.ActiveCfg = Release|Any CPU
		{2622FA2C-B8FA-457B-B668-2A5A67A80880}.Release|Any CPU.Build.0 = Release|Any CPU
		{7ED31BCA-321F-4AF6-AACB-C8EE3597A979}.Debug|Any CPU.ActiveCfg = Debug|Any CPU
		{7ED31BCA-321F-4AF6-AACB-C8EE3597A979}.Debug|Any CPU.Build.0 = Debug|Any CPU
		{7ED31BCA-321F-4AF6-AACB-C8EE3597A979}.Release|Any CPU.ActiveCfg = Release|Any CPU
		{7ED31BCA-321F-4AF6-AACB-C8EE3597A979}.Release|Any CPU.Build.0 = Release|Any CPU
		{67C52034-CB3F-4D72-ABD4-CD6FBD35C1BF}.Debug|Any CPU.ActiveCfg = Debug|Any CPU
		{67C52034-CB3F-4D72-ABD4-CD6FBD35C1BF}.Debug|Any CPU.Build.0 = Debug|Any CPU
		{67C52034-CB3F-4D72-ABD4-CD6FBD35C1BF}.Release|Any CPU.ActiveCfg = Release|Any CPU
		{67C52034-CB3F-4D72-ABD4-CD6FBD35C1BF}.Release|Any CPU.Build.0 = Release|Any CPU
		{ACF46C9F-B49D-4CD9-A841-A304682EC492}.Debug|Any CPU.ActiveCfg = Debug|Any CPU
		{ACF46C9F-B49D-4CD9-A841-A304682EC492}.Debug|Any CPU.Build.0 = Debug|Any CPU
		{ACF46C9F-B49D-4CD9-A841-A304682EC492}.Release|Any CPU.ActiveCfg = Release|Any CPU
		{ACF46C9F-B49D-4CD9-A841-A304682EC492}.Release|Any CPU.Build.0 = Release|Any CPU
		{88075899-41CF-4E2F-B124-C21BF03A749A}.Debug|Any CPU.ActiveCfg = Debug|Any CPU
		{88075899-41CF-4E2F-B124-C21BF03A749A}.Debug|Any CPU.Build.0 = Debug|Any CPU
		{88075899-41CF-4E2F-B124-C21BF03A749A}.Release|Any CPU.ActiveCfg = Release|Any CPU
		{88075899-41CF-4E2F-B124-C21BF03A749A}.Release|Any CPU.Build.0 = Release|Any CPU
	EndGlobalSection
	GlobalSection(SolutionProperties) = preSolution
		HideSolutionNode = FALSE
	EndGlobalSection
	GlobalSection(ExtensibilityGlobals) = postSolution
		SolutionGuid = {D970CEF3-E5F7-4731-B500-6DB8784022C8}
	EndGlobalSection
EndGlobal
